<?xml version="1.0" encoding="utf-8"?>
<Project ToolsVersion="4.0" xmlns="http://schemas.microsoft.com/developer/msbuild/2003">
  <ItemGroup>
    <Filter Include="소스 파일">
      <UniqueIdentifier>{4FC737F1-C7A5-4376-A066-2A32D752A2FF}</UniqueIdentifier>
      <Extensions>cpp;c;cc;cxx;def;odl;idl;hpj;bat;asm;asmx</Extensions>
    </Filter>
    <Filter Include="헤더 파일">
      <UniqueIdentifier>{93995380-89BD-4b04-88EB-625FBE52EBFB}</UniqueIdentifier>
      <Extensions>h;hh;hpp;hxx;hm;inl;inc;ipp;xsd</Extensions>
    </Filter>
    <Filter Include="리소스 파일">
      <UniqueIdentifier>{67DA6AB6-F800-4c08-8B7A-83BB121AAD01}</UniqueIdentifier>
      <Extensions>rc;ico;cur;bmp;dlg;rc2;rct;bin;rgs;gif;jpg;jpeg;jpe;resx;tiff;tif;png;wav;mfcribbon-ms</Extensions>
    </Filter>
  </ItemGroup>
  <ItemGroup>
    <ClCompile Include="lv2_p1.cpp">
      <Filter>소스 파일</Filter>
    </ClCompile>
    <ClCompile Include="lv2_p2.cpp">
      <Filter>소스 파일</Filter>
    </ClCompile>
    <ClCompile Include="기능개발.cpp">
      <Filter>소스 파일</Filter>
    </ClCompile>
    <ClCompile Include="소수찾기.cpp">
      <Filter>소스 파일</Filter>
    </ClCompile>
    <ClCompile Include="lv3_p1.cpp">
      <Filter>소스 파일</Filter>
    </ClCompile>
    <ClCompile Include="lv3_p2.cpp">
      <Filter>소스 파일</Filter>
    </ClCompile>
    <ClCompile Include="실패율.cpp">
      <Filter>소스 파일</Filter>
    </ClCompile>
    <ClCompile Include="오픈채팅방.cpp">
      <Filter>소스 파일</Filter>
    </ClCompile>
    <ClCompile Include="길_찾기_게임.cpp">
      <Filter>소스 파일</Filter>
    </ClCompile>
    <ClCompile Include="무지의먹방라이브.cpp">
      <Filter>소스 파일</Filter>
    </ClCompile>
    <ClCompile Include="더맵게.cpp">
      <Filter>소스 파일</Filter>
    </ClCompile>
    <ClCompile Include="이중우선순위큐.cpp">
      <Filter>소스 파일</Filter>
    </ClCompile>
    <ClCompile Include="디스크컨트롤러.cpp">
      <Filter>소스 파일</Filter>
    </ClCompile>
    <ClCompile Include="가운데글자가져오기.cpp">
      <Filter>소스 파일</Filter>
    </ClCompile>
    <ClCompile Include="두정수사이의합.cpp">
      <Filter>소스 파일</Filter>
    </ClCompile>
    <ClCompile Include="시저암호.cpp">
      <Filter>소스 파일</Filter>
    </ClCompile>
    <ClCompile Include="문자열내림차순으로배치하기.cpp">
      <Filter>소스 파일</Filter>
    </ClCompile>
    <ClCompile Include="소수_찾기.cpp">
      <Filter>소스 파일</Filter>
    </ClCompile>
    <ClCompile Include="수박수박수박수박수박수.cpp">
      <Filter>소스 파일</Filter>
    </ClCompile>
    <ClCompile Include="전화번호목록.cpp">
      <Filter>소스 파일</Filter>
    </ClCompile>
    <ClCompile Include="큰수만들기.cpp">
      <Filter>소스 파일</Filter>
    </ClCompile>
    <ClCompile Include="같은숫자는싫어.cpp">
      <Filter>소스 파일</Filter>
    </ClCompile>
    <ClCompile Include="하샤드수.cpp">
      <Filter>소스 파일</Filter>
    </ClCompile>
    <ClCompile Include="2016년.cpp">
      <Filter>소스 파일</Filter>
    </ClCompile>
    <ClCompile Include="스킬트리.cpp">
      <Filter>소스 파일</Filter>
    </ClCompile>
    <ClCompile Include="나누어떨어지는숫자배열.cpp">
      <Filter>소스 파일</Filter>
    </ClCompile>
    <ClCompile Include="문자열내p와y의개수.cpp">
      <Filter>소스 파일</Filter>
    </ClCompile>
    <ClCompile Include="서울에서_김서방_찾기.cpp">
      <Filter>소스 파일</Filter>
    </ClCompile>
    <ClCompile Include="문자열_다루기_기본.cpp">
      <Filter>소스 파일</Filter>
    </ClCompile>
    <ClCompile Include="문자열을_정수로_바꾸기.cpp">
      <Filter>소스 파일</Filter>
    </ClCompile>
    <ClCompile Include="약수의합.cpp">
      <Filter>소스 파일</Filter>
    </ClCompile>
    <ClCompile Include="이상한_문자_만들기.cpp">
      <Filter>소스 파일</Filter>
    </ClCompile>
    <ClCompile Include="자릿수더하기.cpp">
      <Filter>소스 파일</Filter>
    </ClCompile>
    <ClCompile Include="핸드폰_번호_가리기.cpp">
      <Filter>소스 파일</Filter>
    </ClCompile>
    <ClCompile Include="최대공약수와_최소공배수.cpp">
      <Filter>소스 파일</Filter>
    </ClCompile>
    <ClCompile Include="제일작은수제거하기.cpp">
      <Filter>소스 파일</Filter>
    </ClCompile>
    <ClCompile Include="평균구하기.cpp">
      <Filter>소스 파일</Filter>
    </ClCompile>
    <ClCompile Include="정수내림차순으로배치하기.cpp">
      <Filter>소스 파일</Filter>
    </ClCompile>
    <ClCompile Include="콜라츠추측.cpp">
      <Filter>소스 파일</Filter>
    </ClCompile>
    <ClCompile Include="짝수와홀수.cpp">
      <Filter>소스 파일</Filter>
    </ClCompile>
    <ClCompile Include="행렬의_덧셈.cpp">
      <Filter>소스 파일</Filter>
    </ClCompile>
    <ClCompile Include="가장큰수.cpp">
      <Filter>소스 파일</Filter>
    </ClCompile>
    <ClCompile Include="방문길이.cpp">
      <Filter>소스 파일</Filter>
    </ClCompile>
    <ClCompile Include="소수만들기.cpp">
      <Filter>소스 파일</Filter>
    </ClCompile>
    <ClCompile Include="예싼.cpp">
      <Filter>소스 파일</Filter>
    </ClCompile>
    <ClCompile Include="영어끝말잇기.cpp">
      <Filter>소스 파일</Filter>
    </ClCompile>
    <ClCompile Include="점프와_순간이동.cpp">
      <Filter>소스 파일</Filter>
    </ClCompile>
    <ClCompile Include="직사각형별찍기.cpp">
      <Filter>소스 파일</Filter>
    </ClCompile>
    <ClCompile Include="비밀지도.cpp">
      <Filter>소스 파일</Filter>
    </ClCompile>
    <ClCompile Include="P1.cpp">
      <Filter>소스 파일</Filter>
    </ClCompile>
    <ClCompile Include="P7.cpp">
      <Filter>소스 파일</Filter>
    </ClCompile>
    <ClCompile Include="두개뽑아서더하기.cpp">
      <Filter>소스 파일</Filter>
    </ClCompile>
    <ClCompile Include="구명보트.cpp">
      <Filter>소스 파일</Filter>
    </ClCompile>
    <ClCompile Include="NAVER1.cpp">
      <Filter>소스 파일</Filter>
    </ClCompile>
    <ClCompile Include="NAVER2.cpp">
      <Filter>소스 파일</Filter>
    </ClCompile>
    <ClCompile Include="NAVER3.cpp">
      <Filter>소스 파일</Filter>
    </ClCompile>
    <ClCompile Include="11st_1.cpp">
      <Filter>소스 파일</Filter>
    </ClCompile>
    <ClCompile Include="11st_2.cpp">
      <Filter>소스 파일</Filter>
    </ClCompile>
    <ClCompile Include="11st_3.cpp">
      <Filter>소스 파일</Filter>
    </ClCompile>
  </ItemGroup>
</Project>